
Microsoft Visual Studio Solution File, Format Version 12.00
# Visual Studio Version 16
VisualStudioVersion = 16.0.31605.320
MinimumVisualStudioVersion = 10.0.40219.1
Project("{9A19103F-16F7-4668-BE54-9A1E7A4F7556}") = "SourcetrailCSharpIndexer", "SourcetrailCSharpIndexer\SourcetrailCSharpIndexer.csproj", "{CD952D2C-B4B4-4B30-ACD5-234C8C2CC77D}"
EndProject
Project("{2150E333-8FDC-42A3-9474-1A3956D46DE8}") = "Solution Items", "Solution Items", "{5DC464AD-43A3-4374-B5D0-8B35B6CE7943}"
	ProjectSection(SolutionItems) = preProject
		Readme.md = Readme.md
	EndProjectSection
EndProject
Global
	GlobalSection(SolutionConfigurationPlatforms) = preSolution
		Debug|Any CPU = Debug|Any CPU
		Release|Any CPU = Release|Any CPU
	EndGlobalSection
	GlobalSection(ProjectConfigurationPlatforms) = postSolution
		{CD952D2C-B4B4-4B30-ACD5-234C8C2CC77D}.Debug|Any CPU.ActiveCfg = Debug|Any CPU
		{CD952D2C-B4B4-4B30-ACD5-234C8C2CC77D}.Debug|Any CPU.Build.0 = Debug|Any CPU
		{CD952D2C-B4B4-4B30-ACD5-234C8C2CC77D}.Release|Any CPU.ActiveCfg = Release|Any CPU
		{CD952D2C-B4B4-4B30-ACD5-234C8C2CC77D}.Release|Any CPU.Build.0 = Release|Any CPU
	EndGlobalSection
	GlobalSection(SolutionProperties) = preSolution
		HideSolutionNode = FALSE
	EndGlobalSection
	GlobalSection(ExtensibilityGlobals) = postSolution
		SolutionGuid = {943535AA-3C75-491B-AB6F-48C41C3EB0C7}
	EndGlobalSection
EndGlobal
